
Microsoft Visual Studio Solution File, Format Version 12.00
# Visual Studio 15
VisualStudioVersion = 15.0.28307.438
MinimumVisualStudioVersion = 10.0.40219.1
Project("{FAE04EC0-301F-11D3-BF4B-00C04F79EFBC}") = "Многоугольники", "Многоугольники\Многоугольники.csproj", "{5ACB2528-336D-4747-9C89-C7AF873B6715}"
EndProject
Global
	GlobalSection(SolutionConfigurationPlatforms) = preSolution
		Debug|Any CPU = Debug|Any CPU
		Release|Any CPU = Release|Any CPU
	EndGlobalSection
	GlobalSection(ProjectConfigurationPlatforms) = postSolution
		{5ACB2528-336D-4747-9C89-C7AF873B6715}.Debug|Any CPU.ActiveCfg = Debug|Any CPU
		{5ACB2528-336D-4747-9C89-C7AF873B6715}.Debug|Any CPU.Build.0 = Debug|Any CPU
		{5ACB2528-336D-4747-9C89-C7AF873B6715}.Release|Any CPU.ActiveCfg = Release|Any CPU
		{5ACB2528-336D-4747-9C89-C7AF873B6715}.Release|Any CPU.Build.0 = Release|Any CPU
	EndGlobalSection
	GlobalSection(SolutionProperties) = preSolution
		HideSolutionNode = FALSE
	EndGlobalSection
	GlobalSection(ExtensibilityGlobals) = postSolution
		SolutionGuid = {70992718-3094-4879-99AE-1323AC21894E}
	EndGlobalSection
EndGlobal
